
Microsoft Visual Studio Solution File, Format Version 12.00
# Visual Studio Version 17
VisualStudioVersion = 17.11.35222.181
MinimumVisualStudioVersion = 10.0.40219.1
Project("{FAE04EC0-301F-11D3-BF4B-00C04F79EFBC}") = "SimpeltableMvc", "SimpeltableMvc\SimpeltableMvc.csproj", "{EB077F74-AE64-40A5-AF31-E274F85B5F3B}"
EndProject
Global
	GlobalSection(SolutionConfigurationPlatforms) = preSolution
		Debug|Any CPU = Debug|Any CPU
		Release|Any CPU = Release|Any CPU
	EndGlobalSection
	GlobalSection(ProjectConfigurationPlatforms) = postSolution
		{EB077F74-AE64-40A5-AF31-E274F85B5F3B}.Debug|Any CPU.ActiveCfg = Debug|Any CPU
		{EB077F74-AE64-40A5-AF31-E274F85B5F3B}.Debug|Any CPU.Build.0 = Debug|Any CPU
		{EB077F74-AE64-40A5-AF31-E274F85B5F3B}.Release|Any CPU.ActiveCfg = Release|Any CPU
		{EB077F74-AE64-40A5-AF31-E274F85B5F3B}.Release|Any CPU.Build.0 = Release|Any CPU
	EndGlobalSection
	GlobalSection(SolutionProperties) = preSolution
		HideSolutionNode = FALSE
	EndGlobalSection
	GlobalSection(ExtensibilityGlobals) = postSolution
		SolutionGuid = {EDCE21AA-7BDE-42A1-955B-36DF1C9132A6}
	EndGlobalSection
EndGlobal
